
Microsoft Visual Studio Solution File, Format Version 12.00
# Visual Studio Version 16
VisualStudioVersion = 16.0.31624.102
MinimumVisualStudioVersion = 10.0.40219.1
Project("{8BC9CEB8-8B4A-11D0-8D11-00A0C91BC942}") = "4-11", "4-11\4-11.vcxproj", "{CED64526-5F06-4616-8CE8-7323AB247904}"
EndProject
Project("{8BC9CEB8-8B4A-11D0-8D11-00A0C91BC942}") = "4-12", "4-12\4-12.vcxproj", "{DA5D7D7F-1EC7-4FC1-B5ED-77EAD6F9AB8D}"
EndProject
Global
	GlobalSection(SolutionConfigurationPlatforms) = preSolution
		Debug|x64 = Debug|x64
		Debug|x86 = Debug|x86
		Release|x64 = Release|x64
		Release|x86 = Release|x86
	EndGlobalSection
	GlobalSection(ProjectConfigurationPlatforms) = postSolution
		{CED64526-5F06-4616-8CE8-7323AB247904}.Debug|x64.ActiveCfg = Debug|x64
		{CED64526-5F06-4616-8CE8-7323AB247904}.Debug|x64.Build.0 = Debug|x64
		{CED64526-5F06-4616-8CE8-7323AB247904}.Debug|x86.ActiveCfg = Debug|Win32
		{CED64526-5F06-4616-8CE8-7323AB247904}.Debug|x86.Build.0 = Debug|Win32
		{CED64526-5F06-4616-8CE8-7323AB247904}.Release|x64.ActiveCfg = Release|x64
		{CED64526-5F06-4616-8CE8-7323AB247904}.Release|x64.Build.0 = Release|x64
		{CED64526-5F06-4616-8CE8-7323AB247904}.Release|x86.ActiveCfg = Release|Win32
		{CED64526-5F06-4616-8CE8-7323AB247904}.Release|x86.Build.0 = Release|Win32
		{DA5D7D7F-1EC7-4FC1-B5ED-77EAD6F9AB8D}.Debug|x64.ActiveCfg = Debug|x64
		{DA5D7D7F-1EC7-4FC1-B5ED-77EAD6F9AB8D}.Debug|x64.Build.0 = Debug|x64
		{DA5D7D7F-1EC7-4FC1-B5ED-77EAD6F9AB8D}.Debug|x86.ActiveCfg = Debug|Win32
		{DA5D7D7F-1EC7-4FC1-B5ED-77EAD6F9AB8D}.Debug|x86.Build.0 = Debug|Win32
		{DA5D7D7F-1EC7-4FC1-B5ED-77EAD6F9AB8D}.Release|x64.ActiveCfg = Release|x64
		{DA5D7D7F-1EC7-4FC1-B5ED-77EAD6F9AB8D}.Release|x64.Build.0 = Release|x64
		{DA5D7D7F-1EC7-4FC1-B5ED-77EAD6F9AB8D}.Release|x86.ActiveCfg = Release|Win32
		{DA5D7D7F-1EC7-4FC1-B5ED-77EAD6F9AB8D}.Release|x86.Build.0 = Release|Win32
	EndGlobalSection
	GlobalSection(SolutionProperties) = preSolution
		HideSolutionNode = FALSE
	EndGlobalSection
	GlobalSection(ExtensibilityGlobals) = postSolution
		SolutionGuid = {8F3B23A9-39FE-4849-AEB4-E0E091388D5D}
	EndGlobalSection
EndGlobal
